
Microsoft Visual Studio Solution File, Format Version 12.00
# Visual Studio Version 17
VisualStudioVersion = 17.13.35913.81 d17.13
MinimumVisualStudioVersion = 10.0.40219.1
Project("{FAE04EC0-301F-11D3-BF4B-00C04F79EFBC}") = "AllatokCsoportMunka", "AllatokCsoportMunka.csproj", "{20EC7FDD-C408-4ECD-AB4F-0BE97FB29A6E}"
EndProject
Global
	GlobalSection(SolutionConfigurationPlatforms) = preSolution
		Debug|Any CPU = Debug|Any CPU
		Release|Any CPU = Release|Any CPU
	EndGlobalSection
	GlobalSection(ProjectConfigurationPlatforms) = postSolution
		{20EC7FDD-C408-4ECD-AB4F-0BE97FB29A6E}.Debug|Any CPU.ActiveCfg = Debug|Any CPU
		{20EC7FDD-C408-4ECD-AB4F-0BE97FB29A6E}.Debug|Any CPU.Build.0 = Debug|Any CPU
		{20EC7FDD-C408-4ECD-AB4F-0BE97FB29A6E}.Release|Any CPU.ActiveCfg = Release|Any CPU
		{20EC7FDD-C408-4ECD-AB4F-0BE97FB29A6E}.Release|Any CPU.Build.0 = Release|Any CPU
	EndGlobalSection
	GlobalSection(SolutionProperties) = preSolution
		HideSolutionNode = FALSE
	EndGlobalSection
	GlobalSection(ExtensibilityGlobals) = postSolution
		SolutionGuid = {00020697-E11D-4694-9E28-7363D1FF13C9}
	EndGlobalSection
EndGlobal
